// !$*UTF8*$!
{
	archiveVersion = 1;
	classes = {
	};
	objectVersion = 50;
	objects = {

/* Begin PBXBuildFile section */
		3575011E229335D2008228ED /* AppDelegate.swift in Sources */ = {isa = PBXBuildFile; fileRef = 3575011D229335D2008228ED /* AppDelegate.swift */; };
		35750120229335D2008228ED /* ViewController.swift in Sources */ = {isa = PBXBuildFile; fileRef = 3575011F229335D2008228ED /* ViewController.swift */; };
		35750123229335D2008228ED /* Main.storyboard in Resources */ = {isa = PBXBuildFile; fileRef = 35750121229335D2008228ED /* Main.storyboard */; };
		35750125229335D4008228ED /* Assets.xcassets in Resources */ = {isa = PBXBuildFile; fileRef = 35750124229335D4008228ED /* Assets.xcassets */; };
		35750128229335D4008228ED /* LaunchScreen.storyboard in Resources */ = {isa = PBXBuildFile; fileRef = 35750126229335D4008228ED /* LaunchScreen.storyboard */; };
		35FC5EB72293732E00AE221F /* SWRevealViewController.m in Sources */ = {isa = PBXBuildFile; fileRef = 35FC5EB62293732E00AE221F /* SWRevealViewController.m */; };
		820416FBAB6E3483AB0C2E59 /* Pods_SlackySlack.framework in Frameworks */ = {isa = PBXBuildFile; fileRef = 686CD11A94815060147A84BE /* Pods_SlackySlack.framework */; };
/* End PBXBuildFile section */

/* Begin PBXFileReference section */
		3575011A229335D2008228ED /* SlackySlack.app */ = {isa = PBXFileReference; explicitFileType = wrapper.application; includeInIndex = 0; path = SlackySlack.app; sourceTree = BUILT_PRODUCTS_DIR; };
		3575011D229335D2008228ED /* AppDelegate.swift */ = {isa = PBXFileReference; lastKnownFileType = sourcecode.swift; path = AppDelegate.swift; sourceTree = "<group>"; };
		3575011F229335D2008228ED /* ViewController.swift */ = {isa = PBXFileReference; lastKnownFileType = sourcecode.swift; path = ViewController.swift; sourceTree = "<group>"; };
		35750122229335D2008228ED /* Base */ = {isa = PBXFileReference; lastKnownFileType = file.storyboard; name = Base; path = Base.lproj/Main.storyboard; sourceTree = "<group>"; };
		35750124229335D4008228ED /* Assets.xcassets */ = {isa = PBXFileReference; lastKnownFileType = folder.assetcatalog; path = Assets.xcassets; sourceTree = "<group>"; };
		35750127229335D4008228ED /* Base */ = {isa = PBXFileReference; lastKnownFileType = file.storyboard; name = Base; path = Base.lproj/LaunchScreen.storyboard; sourceTree = "<group>"; };
		35750129229335D4008228ED /* Info.plist */ = {isa = PBXFileReference; lastKnownFileType = text.plist.xml; path = Info.plist; sourceTree = "<group>"; };
		35FC5EB42293732D00AE221F /* SlackySlack-Bridging-Header.h */ = {isa = PBXFileReference; lastKnownFileType = sourcecode.c.h; path = "SlackySlack-Bridging-Header.h"; sourceTree = "<group>"; };
		35FC5EB52293732E00AE221F /* SWRevealViewController.h */ = {isa = PBXFileReference; fileEncoding = 4; lastKnownFileType = sourcecode.c.h; path = SWRevealViewController.h; sourceTree = "<group>"; };
		35FC5EB62293732E00AE221F /* SWRevealViewController.m */ = {isa = PBXFileReference; fileEncoding = 4; lastKnownFileType = sourcecode.c.objc; path = SWRevealViewController.m; sourceTree = "<group>"; };
		686CD11A94815060147A84BE /* Pods_SlackySlack.framework */ = {isa = PBXFileReference; explicitFileType = wrapper.framework; includeInIndex = 0; path = Pods_SlackySlack.framework; sourceTree = BUILT_PRODUCTS_DIR; };
		9EBEF6BEFE2B4A0F901C871E /* Pods-SlackySlack.debug.xcconfig */ = {isa = PBXFileReference; includeInIndex = 1; lastKnownFileType = text.xcconfig; name = "Pods-SlackySlack.debug.xcconfig"; path = "Pods/Target Support Files/Pods-SlackySlack/Pods-SlackySlack.debug.xcconfig"; sourceTree = "<group>"; };
		C16FB67E159EA60B30984EE2 /* Pods-SlackySlack.release.xcconfig */ = {isa = PBXFileReference; includeInIndex = 1; lastKnownFileType = text.xcconfig; name = "Pods-SlackySlack.release.xcconfig"; path = "Pods/Target Support Files/Pods-SlackySlack/Pods-SlackySlack.release.xcconfig"; sourceTree = "<group>"; };
/* End PBXFileReference section */

/* Begin PBXFrameworksBuildPhase section */
		35750117229335D2008228ED /* Frameworks */ = {
			isa = PBXFrameworksBuildPhase;
			buildActionMask = 2147483647;
			files = (
				820416FBAB6E3483AB0C2E59 /* Pods_SlackySlack.framework in Frameworks */,
			);
			runOnlyForDeploymentPostprocessing = 0;
		};
/* End PBXFrameworksBuildPhase section */

/* Begin PBXGroup section */
		35750111229335D2008228ED = {
			isa = PBXGroup;
			children = (
				3575011C229335D2008228ED /* SlackySlack */,
				3575011B229335D2008228ED /* Products */,
				4E7270F7DB05C130B2F4C632 /* Pods */,
				F79EBF8C3F3CEB214E184838 /* Frameworks */,
			);
			sourceTree = "<group>";
		};
		3575011B229335D2008228ED /* Products */ = {
			isa = PBXGroup;
			children = (
				3575011A229335D2008228ED /* SlackySlack.app */,
			);
			name = Products;
			sourceTree = "<group>";
		};
		3575011C229335D2008228ED /* SlackySlack */ = {
			isa = PBXGroup;
			children = (
				35FC5EB32293731800AE221F /* SupportFiles */,
				3575011D229335D2008228ED /* AppDelegate.swift */,
				3575011F229335D2008228ED /* ViewController.swift */,
				35750121229335D2008228ED /* Main.storyboard */,
				35750124229335D4008228ED /* Assets.xcassets */,
				35750126229335D4008228ED /* LaunchScreen.storyboard */,
				35750129229335D4008228ED /* Info.plist */,
			);
			path = SlackySlack;
			sourceTree = "<group>";
		};
		35FC5EB32293731800AE221F /* SupportFiles */ = {
			isa = PBXGroup;
			children = (
				35FC5EB52293732E00AE221F /* SWRevealViewController.h */,
				35FC5EB62293732E00AE221F /* SWRevealViewController.m */,
				35FC5EB42293732D00AE221F /* SlackySlack-Bridging-Header.h */,
			);
			path = SupportFiles;
			sourceTree = "<group>";
		};
		4E7270F7DB05C130B2F4C632 /* Pods */ = {
			isa = PBXGroup;
			children = (
				9EBEF6BEFE2B4A0F901C871E /* Pods-SlackySlack.debug.xcconfig */,
				C16FB67E159EA60B30984EE2 /* Pods-SlackySlack.release.xcconfig */,
			);
			name = Pods;
			sourceTree = "<group>";
		};
		F79EBF8C3F3CEB214E184838 /* Frameworks */ = {
			isa = PBXGroup;
			children = (
				686CD11A94815060147A84BE /* Pods_SlackySlack.framework */,
			);
			name = Frameworks;
			sourceTree = "<group>";
		};
/* End PBXGroup section */

/* Begin PBXNativeTarget section */
		35750119229335D2008228ED /* SlackySlack */ = {
			isa = PBXNativeTarget;
			buildConfigurationList = 3575012C229335D4008228ED /* Build configuration list for PBXNativeTarget "SlackySlack" */;
			buildPhases = (
				64F7F493433931416D854BF8 /* [CP] Check Pods Manifest.lock */,
				35750116229335D2008228ED /* Sources */,
				35750117229335D2008228ED /* Frameworks */,
				35750118229335D2008228ED /* Resources */,
				497211037BA054B51B36B4F2 /* [CP] Embed Pods Frameworks */,
			);
			buildRules = (
			);
			dependencies = (
			);
			name = SlackySlack;
			productName = SlackySlack;
			productReference = 3575011A229335D2008228ED /* SlackySlack.app */;
			productType = "com.apple.product-type.application";
		};
/* End PBXNativeTarget section */

/* Begin PBXProject section */
		35750112229335D2008228ED /* Project object */ = {
			isa = PBXProject;
			attributes = {
				LastSwiftUpdateCheck = 1020;
				LastUpgradeCheck = 1020;
				ORGANIZATIONNAME = "Justin Batchelor";
				TargetAttributes = {
					35750119229335D2008228ED = {
						CreatedOnToolsVersion = 10.2.1;
						LastSwiftMigration = 1020;
					};
				};
			};
			buildConfigurationList = 35750115229335D2008228ED /* Build configuration list for PBXProject "SlackySlack" */;
			compatibilityVersion = "Xcode 9.3";
			developmentRegion = en;
			hasScannedForEncodings = 0;
			knownRegions = (
				en,
				Base,
			);
			mainGroup = 35750111229335D2008228ED;
			productRefGroup = 3575011B229335D2008228ED /* Products */;
			projectDirPath = "";
			projectRoot = "";
			targets = (
				35750119229335D2008228ED /* SlackySlack */,
			);
		};
/* End PBXProject section */

/* Begin PBXResourcesBuildPhase section */
		35750118229335D2008228ED /* Resources */ = {
			isa = PBXResourcesBuildPhase;
			buildActionMask = 2147483647;
			files = (
				35750128229335D4008228ED /* LaunchScreen.storyboard in Resources */,
				35750125229335D4008228ED /* Assets.xcassets in Resources */,
				35750123229335D2008228ED /* Main.storyboard in Resources */,
			);
			runOnlyForDeploymentPostprocessing = 0;
		};
/* End PBXResourcesBuildPhase section */

/* Begin PBXShellScriptBuildPhase section */
		497211037BA054B51B36B4F2 /* [CP] Embed Pods Frameworks */ = {
			isa = PBXShellScriptBuildPhase;
			buildActionMask = 2147483647;
			files = (
			);
			inputPaths = (
				"${SRCROOT}/Pods/Target Support Files/Pods-SlackySlack/Pods-SlackySlack-frameworks.sh",
				"${BUILT_PRODUCTS_DIR}/Alamofire/Alamofire.framework",
				"${BUILT_PRODUCTS_DIR}/Socket.IO-Client-Swift/SocketIO.framework",
				"${BUILT_PRODUCTS_DIR}/Starscream/Starscream.framework",
				"${BUILT_PRODUCTS_DIR}/SwiftyJSON/SwiftyJSON.framework",
			);
			name = "[CP] Embed Pods Frameworks";
			outputPaths = (
				"${TARGET_BUILD_DIR}/${FRAMEWORKS_FOLDER_PATH}/Alamofire.framework",
				"${TARGET_BUILD_DIR}/${FRAMEWORKS_FOLDER_PATH}/SocketIO.framework",
				"${TARGET_BUILD_DIR}/${FRAMEWORKS_FOLDER_PATH}/Starscream.framework",
				"${TARGET_BUILD_DIR}/${FRAMEWORKS_FOLDER_PATH}/SwiftyJSON.framework",
			);
			runOnlyForDeploymentPostprocessing = 0;
			shellPath = /bin/sh;
			shellScript = "\"${SRCROOT}/Pods/Target Support Files/Pods-SlackySlack/Pods-SlackySlack-frameworks.sh\"\n";
			showEnvVarsInLog = 0;
		};
		64F7F493433931416D854BF8 /* [CP] Check Pods Manifest.lock */ = {
			isa = PBXShellScriptBuildPhase;
			buildActionMask = 2147483647;
			files = (
			);
			inputPaths = (
				"${PODS_PODFILE_DIR_PATH}/Podfile.lock",
				"${PODS_ROOT}/Manifest.lock",
			);
			name = "[CP] Check Pods Manifest.lock";
			outputPaths = (
				"$(DERIVED_FILE_DIR)/Pods-SlackySlack-checkManifestLockResult.txt",
			);
			runOnlyForDeploymentPostprocessing = 0;
			shellPath = /bin/sh;
			shellScript = "diff \"${PODS_PODFILE_DIR_PATH}/Podfile.lock\" \"${PODS_ROOT}/Manifest.lock\" > /dev/null\nif [ $? != 0 ] ; then\n    # print error to STDERR\n    echo \"error: The sandbox is not in sync with the Podfile.lock. Run 'pod install' or update your CocoaPods installation.\" >&2\n    exit 1\nfi\n# This output is used by Xcode 'outputs' to avoid re-running this script phase.\necho \"SUCCESS\" > \"${SCRIPT_OUTPUT_FILE_0}\"\n";
			showEnvVarsInLog = 0;
		};
/* End PBXShellScriptBuildPhase section */

/* Begin PBXSourcesBuildPhase section */
		35750116229335D2008228ED /* Sources */ = {
			isa = PBXSourcesBuildPhase;
			buildActionMask = 2147483647;
			files = (
				35750120229335D2008228ED /* ViewController.swift in Sources */,
				3575011E229335D2008228ED /* AppDelegate.swift in Sources */,
				35FC5EB72293732E00AE221F /* SWRevealViewController.m in Sources */,
			);
			runOnlyForDeploymentPostprocessing = 0;
		};
/* End PBXSourcesBuildPhase section */

/* Begin PBXVariantGroup section */
		35750121229335D2008228ED /* Main.storyboard */ = {
			isa = PBXVariantGroup;
			children = (
				35750122229335D2008228ED /* Base */,
			);
			name = Main.storyboard;
			sourceTree = "<group>";
		};
		35750126229335D4008228ED /* LaunchScreen.storyboard */ = {
			isa = PBXVariantGroup;
			children = (
				35750127229335D4008228ED /* Base */,
			);
			name = LaunchScreen.storyboard;
			sourceTree = "<group>";
		};
/* End PBXVariantGroup section */

/* Begin XCBuildConfiguration section */
		3575012A229335D4008228ED /* Debug */ = {
			isa = XCBuildConfiguration;
			buildSettings = {
				ALWAYS_SEARCH_USER_PATHS = NO;
				CLANG_ANALYZER_NONNULL = YES;
				CLANG_ANALYZER_NUMBER_OBJECT_CONVERSION = YES_AGGRESSIVE;
				CLANG_CXX_LANGUAGE_STANDARD = "gnu++14";
				CLANG_CXX_LIBRARY = "libc++";
				CLANG_ENABLE_MODULES = YES;
				CLANG_ENABLE_OBJC_ARC = YES;
				CLANG_ENABLE_OBJC_WEAK = YES;
				CLANG_WARN_BLOCK_CAPTURE_AUTORELEASING = YES;
				CLANG_WARN_BOOL_CONVERSION = YES;
				CLANG_WARN_COMMA = YES;
				CLANG_WARN_CONSTANT_CONVERSION = YES;
				CLANG_WARN_DEPRECATED_OBJC_IMPLEMENTATIONS = YES;
				CLANG_WARN_DIRECT_OBJC_ISA_USAGE = YES_ERROR;
				CLANG_WARN_DOCUMENTATION_COMMENTS = YES;
				CLANG_WARN_EMPTY_BODY = YES;
				CLANG_WARN_ENUM_CONVERSION = YES;
				CLANG_WARN_INFINITE_RECURSION = YES;
				CLANG_WARN_INT_CONVERSION = YES;
				CLANG_WARN_NON_LITERAL_NULL_CONVERSION = YES;
				CLANG_WARN_OBJC_IMPLICIT_RETAIN_SELF = YES;
				CLANG_WARN_OBJC_LITERAL_CONVERSION = YES;
				CLANG_WARN_OBJC_ROOT_CLASS = YES_ERROR;
				CLANG_WARN_RANGE_LOOP_ANALYSIS = YES;
				CLANG_WARN_STRICT_PROTOTYPES = YES;
				CLANG_WARN_SUSPICIOUS_MOVE = YES;
				CLANG_WARN_UNGUARDED_AVAILABILITY = YES_AGGRESSIVE;
				CLANG_WARN_UNREACHABLE_CODE = YES;
				CLANG_WARN__DUPLICATE_METHOD_MATCH = YES;
				CODE_SIGN_IDENTITY = "iPhone Developer";
				COPY_PHASE_STRIP = NO;
				DEBUG_INFORMATION_FORMAT = dwarf;
				ENABLE_STRICT_OBJC_MSGSEND = YES;
				ENABLE_TESTABILITY = YES;
				GCC_C_LANGUAGE_STANDARD = gnu11;
				GCC_DYNAMIC_NO_PIC = NO;
				GCC_NO_COMMON_BLOCKS = YES;
				GCC_OPTIMIZATION_LEVEL = 0;
				GCC_PREPROCESSOR_DEFINITIONS = (
					"DEBUG=1",
					"$(inherited)",
				);
				GCC_WARN_64_TO_32_BIT_CONVERSION = YES;
				GCC_WARN_ABOUT_RETURN_TYPE = YES_ERROR;
				GCC_WARN_UNDECLARED_SELECTOR = YES;
				GCC_WARN_UNINITIALIZED_AUTOS = YES_AGGRESSIVE;
				GCC_WARN_UNUSED_FUNCTION = YES;
				GCC_WARN_UNUSED_VARIABLE = YES;
				IPHONEOS_DEPLOYMENT_TARGET = 12.2;
				MTL_ENABLE_DEBUG_INFO = INCLUDE_SOURCE;
				MTL_FAST_MATH = YES;
				ONLY_ACTIVE_ARCH = YES;
				SDKROOT = iphoneos;
				SWIFT_ACTIVE_COMPILATION_CONDITIONS = DEBUG;
				SWIFT_OPTIMIZATION_LEVEL = "-Onone";
			};
			name = Debug;
		};
		3575012B229335D4008228ED /* Release */ = {
			isa = XCBuildConfiguration;
			buildSettings = {
				ALWAYS_SEARCH_USER_PATHS = NO;
				CLANG_ANALYZER_NONNULL = YES;
				CLANG_ANALYZER_NUMBER_OBJECT_CONVERSION = YES_AGGRESSIVE;
				CLANG_CXX_LANGUAGE_STANDARD = "gnu++14";
				CLANG_CXX_LIBRARY = "libc++";
				CLANG_ENABLE_MODULES = YES;
				CLANG_ENABLE_OBJC_ARC = YES;
				CLANG_ENABLE_OBJC_WEAK = YES;
				CLANG_WARN_BLOCK_CAPTURE_AUTORELEASING = YES;
				CLANG_WARN_BOOL_CONVERSION = YES;
				CLANG_WARN_COMMA = YES;
				CLANG_WARN_CONSTANT_CONVERSION = YES;
				CLANG_WARN_DEPRECATED_OBJC_IMPLEMENTATIONS = YES;
				CLANG_WARN_DIRECT_OBJC_ISA_USAGE = YES_ERROR;
				CLANG_WARN_DOCUMENTATION_COMMENTS = YES;
				CLANG_WARN_EMPTY_BODY = YES;
				CLANG_WARN_ENUM_CONVERSION = YES;
				CLANG_WARN_INFINITE_RECURSION = YES;
				CLANG_WARN_INT_CONVERSION = YES;
				CLANG_WARN_NON_LITERAL_NULL_CONVERSION = YES;
				CLANG_WARN_OBJC_IMPLICIT_RETAIN_SELF = YES;
				CLANG_WARN_OBJC_LITERAL_CONVERSION = YES;
				CLANG_WARN_OBJC_ROOT_CLASS = YES_ERROR;
				CLANG_WARN_RANGE_LOOP_ANALYSIS = YES;
				CLANG_WARN_STRICT_PROTOTYPES = YES;
				CLANG_WARN_SUSPICIOUS_MOVE = YES;
				CLANG_WARN_UNGUARDED_AVAILABILITY = YES_AGGRESSIVE;
				CLANG_WARN_UNREACHABLE_CODE = YES;
				CLANG_WARN__DUPLICATE_METHOD_MATCH = YES;
				CODE_SIGN_IDENTITY = "iPhone Developer";
				COPY_PHASE_STRIP = NO;
				DEBUG_INFORMATION_FORMAT = "dwarf-with-dsym";
				ENABLE_NS_ASSERTIONS = NO;
				ENABLE_STRICT_OBJC_MSGSEND = YES;
				GCC_C_LANGUAGE_STANDARD = gnu11;
				GCC_NO_COMMON_BLOCKS = YES;
				GCC_WARN_64_TO_32_BIT_CONVERSION = YES;
				GCC_WARN_ABOUT_RETURN_TYPE = YES_ERROR;
				GCC_WARN_UNDECLARED_SELECTOR = YES;
				GCC_WARN_UNINITIALIZED_AUTOS = YES_AGGRESSIVE;
				GCC_WARN_UNUSED_FUNCTION = YES;
				GCC_WARN_UNUSED_VARIABLE = YES;
				IPHONEOS_DEPLOYMENT_TARGET = 12.2;
				MTL_ENABLE_DEBUG_INFO = NO;
				MTL_FAST_MATH = YES;
				SDKROOT = iphoneos;
				SWIFT_COMPILATION_MODE = wholemodule;
				SWIFT_OPTIMIZATION_LEVEL = "-O";
				VALIDATE_PRODUCT = YES;
			};
			name = Release;
		};
		3575012D229335D4008228ED /* Debug */ = {
			isa = XCBuildConfiguration;
			baseConfigurationReference = 9EBEF6BEFE2B4A0F901C871E /* Pods-SlackySlack.debug.xcconfig */;
			buildSettings = {
				ASSETCATALOG_COMPILER_APPICON_NAME = AppIcon;
				CLANG_ENABLE_MODULES = YES;
				CODE_SIGN_STYLE = Automatic;
				INFOPLIST_FILE = SlackySlack/Info.plist;
				LD_RUNPATH_SEARCH_PATHS = (
					"$(inherited)",
					"@executable_path/Frameworks",
				);
				PRODUCT_BUNDLE_IDENTIFIER = batchelor.justin.SlackySlack;
				PRODUCT_NAME = "$(TARGET_NAME)";
				SWIFT_OBJC_BRIDGING_HEADER = "SlackySlack/SupportFiles/SlackySlack-Bridging-Header.h";
				SWIFT_OPTIMIZATION_LEVEL = "-Onone";
				SWIFT_VERSION = 5.0;
				TARGETED_DEVICE_FAMILY = "1,2";
			};
			name = Debug;
		};
		3575012E229335D4008228ED /* Release */ = {
			isa = XCBuildConfiguration;
			baseConfigurationReference = C16FB67E159EA60B30984EE2 /* Pods-SlackySlack.release.xcconfig */;
			buildSettings = {
				ASSETCATALOG_COMPILER_APPICON_NAME = AppIcon;
				CLANG_ENABLE_MODULES = YES;
				CODE_SIGN_STYLE = Automatic;
				INFOPLIST_FILE = SlackySlack/Info.plist;
				LD_RUNPATH_SEARCH_PATHS = (
					"$(inherited)",
					"@executable_path/Frameworks",
				);
				PRODUCT_BUNDLE_IDENTIFIER = batchelor.justin.SlackySlack;
				PRODUCT_NAME = "$(TARGET_NAME)";
				SWIFT_OBJC_BRIDGING_HEADER = "SlackySlack/SupportFiles/SlackySlack-Bridging-Header.h";
				SWIFT_VERSION = 5.0;
				TARGETED_DEVICE_FAMILY = "1,2";
			};
			name = Release;
		};
/* End XCBuildConfiguration section */

/* Begin XCConfigurationList section */
		35750115229335D2008228ED /* Build configuration list for PBXProject "SlackySlack" */ = {
			isa = XCConfigurationList;
			buildConfigurations = (
				3575012A229335D4008228ED /* Debug */,
				3575012B229335D4008228ED /* Release */,
			);
			defaultConfigurationIsVisible = 0;
			defaultConfigurationName = Release;
		};
		3575012C229335D4008228ED /* Build configuration list for PBXNativeTarget "SlackySlack" */ = {
			isa = XCConfigurationList;
			buildConfigurations = (
				3575012D229335D4008228ED /* Debug */,
				3575012E229335D4008228ED /* Release */,
			);
			defaultConfigurationIsVisible = 0;
			defaultConfigurationName = Release;
		};
/* End XCConfigurationList section */
	};
	rootObject = 35750112229335D2008228ED /* Project object */;
}
